
Microsoft Visual Studio Solution File, Format Version 12.00
# Visual Studio Version 16
VisualStudioVersion = 16.0.29709.97
MinimumVisualStudioVersion = 10.0.40219.1
Project("{FAE04EC0-301F-11D3-BF4B-00C04F79EFBC}") = "[TP-23] Smoke Tests", "[TP-23] Smoke Tests\[TP-23] Smoke Tests.csproj", "{31B1D08D-7253-49BD-9E19-5D4461C1C3E7}"
EndProject
Global
	GlobalSection(SolutionConfigurationPlatforms) = preSolution
		Debug|Any CPU = Debug|Any CPU
		Release|Any CPU = Release|Any CPU
	EndGlobalSection
	GlobalSection(ProjectConfigurationPlatforms) = postSolution
		{31B1D08D-7253-49BD-9E19-5D4461C1C3E7}.Debug|Any CPU.ActiveCfg = Debug|Any CPU
		{31B1D08D-7253-49BD-9E19-5D4461C1C3E7}.Debug|Any CPU.Build.0 = Debug|Any CPU
		{31B1D08D-7253-49BD-9E19-5D4461C1C3E7}.Release|Any CPU.ActiveCfg = Release|Any CPU
		{31B1D08D-7253-49BD-9E19-5D4461C1C3E7}.Release|Any CPU.Build.0 = Release|Any CPU
	EndGlobalSection
	GlobalSection(SolutionProperties) = preSolution
		HideSolutionNode = FALSE
	EndGlobalSection
	GlobalSection(ExtensibilityGlobals) = postSolution
		SolutionGuid = {728AD143-50C8-4E9E-B96A-368F60D5B891}
	EndGlobalSection
EndGlobal
